
Microsoft Visual Studio Solution File, Format Version 12.00
Project("{FAE04EC0-301F-11D3-BF4B-00C04F79EFBC}") = "NameChecker", "NameChecker\NameChecker.csproj", "{FC602B27-1339-4DE6-85A0-B7C693425193}"
EndProject
Global
	GlobalSection(SolutionConfigurationPlatforms) = preSolution
		Debug|Any CPU = Debug|Any CPU
		Release|Any CPU = Release|Any CPU
	EndGlobalSection
	GlobalSection(ProjectConfigurationPlatforms) = postSolution
		{FC602B27-1339-4DE6-85A0-B7C693425193}.Debug|Any CPU.ActiveCfg = Debug|Any CPU
		{FC602B27-1339-4DE6-85A0-B7C693425193}.Debug|Any CPU.Build.0 = Debug|Any CPU
		{FC602B27-1339-4DE6-85A0-B7C693425193}.Release|Any CPU.ActiveCfg = Release|Any CPU
		{FC602B27-1339-4DE6-85A0-B7C693425193}.Release|Any CPU.Build.0 = Release|Any CPU
	EndGlobalSection
EndGlobal
